// !$*UTF8*$!
{
	archiveVersion = 1;
	classes = {
	};
	objectVersion = 56;
	objects = {

/* Begin PBXBuildFile section */
		EF9998282AFB34E500E0BFFA /* AppDelegate.swift in Sources */ = {isa = PBXBuildFile; fileRef = EF9998272AFB34E500E0BFFA /* AppDelegate.swift */; };
		EF99982A2AFB34E500E0BFFA /* SceneDelegate.swift in Sources */ = {isa = PBXBuildFile; fileRef = EF9998292AFB34E500E0BFFA /* SceneDelegate.swift */; };
		EF99982C2AFB34E500E0BFFA /* ViewController.swift in Sources */ = {isa = PBXBuildFile; fileRef = EF99982B2AFB34E500E0BFFA /* ViewController.swift */; };
		EF99982F2AFB34E500E0BFFA /* Main.storyboard in Resources */ = {isa = PBXBuildFile; fileRef = EF99982D2AFB34E500E0BFFA /* Main.storyboard */; };
		EF9998312AFB34E700E0BFFA /* Assets.xcassets in Resources */ = {isa = PBXBuildFile; fileRef = EF9998302AFB34E700E0BFFA /* Assets.xcassets */; };
		EF9998342AFB34E700E0BFFA /* LaunchScreen.storyboard in Resources */ = {isa = PBXBuildFile; fileRef = EF9998322AFB34E700E0BFFA /* LaunchScreen.storyboard */; };
		EF99983F2AFB34E700E0BFFA /* NewsAPIServiceTests.swift in Sources */ = {isa = PBXBuildFile; fileRef = EF99983E2AFB34E700E0BFFA /* NewsAPIServiceTests.swift */; };
		EF9998492AFB34E700E0BFFA /* NewsAPIServiceUITests.swift in Sources */ = {isa = PBXBuildFile; fileRef = EF9998482AFB34E700E0BFFA /* NewsAPIServiceUITests.swift */; };
		EF99984B2AFB34E700E0BFFA /* NewsAPIServiceUITestsLaunchTests.swift in Sources */ = {isa = PBXBuildFile; fileRef = EF99984A2AFB34E700E0BFFA /* NewsAPIServiceUITestsLaunchTests.swift */; };
/* End PBXBuildFile section */

/* Begin PBXContainerItemProxy section */
		EF99983B2AFB34E700E0BFFA /* PBXContainerItemProxy */ = {
			isa = PBXContainerItemProxy;
			containerPortal = EF99981C2AFB34E500E0BFFA /* Project object */;
			proxyType = 1;
			remoteGlobalIDString = EF9998232AFB34E500E0BFFA;
			remoteInfo = NewsAPIService;
		};
		EF9998452AFB34E700E0BFFA /* PBXContainerItemProxy */ = {
			isa = PBXContainerItemProxy;
			containerPortal = EF99981C2AFB34E500E0BFFA /* Project object */;
			proxyType = 1;
			remoteGlobalIDString = EF9998232AFB34E500E0BFFA;
			remoteInfo = NewsAPIService;
		};
/* End PBXContainerItemProxy section */

/* Begin PBXFileReference section */
		EF9998242AFB34E500E0BFFA /* NewsAPIService.app */ = {isa = PBXFileReference; explicitFileType = wrapper.application; includeInIndex = 0; path = NewsAPIService.app; sourceTree = BUILT_PRODUCTS_DIR; };
		EF9998272AFB34E500E0BFFA /* AppDelegate.swift */ = {isa = PBXFileReference; lastKnownFileType = sourcecode.swift; path = AppDelegate.swift; sourceTree = "<group>"; };
		EF9998292AFB34E500E0BFFA /* SceneDelegate.swift */ = {isa = PBXFileReference; lastKnownFileType = sourcecode.swift; path = SceneDelegate.swift; sourceTree = "<group>"; };
		EF99982B2AFB34E500E0BFFA /* ViewController.swift */ = {isa = PBXFileReference; lastKnownFileType = sourcecode.swift; path = ViewController.swift; sourceTree = "<group>"; };
		EF99982E2AFB34E500E0BFFA /* Base */ = {isa = PBXFileReference; lastKnownFileType = file.storyboard; name = Base; path = Base.lproj/Main.storyboard; sourceTree = "<group>"; };
		EF9998302AFB34E700E0BFFA /* Assets.xcassets */ = {isa = PBXFileReference; lastKnownFileType = folder.assetcatalog; path = Assets.xcassets; sourceTree = "<group>"; };
		EF9998332AFB34E700E0BFFA /* Base */ = {isa = PBXFileReference; lastKnownFileType = file.storyboard; name = Base; path = Base.lproj/LaunchScreen.storyboard; sourceTree = "<group>"; };
		EF9998352AFB34E700E0BFFA /* Info.plist */ = {isa = PBXFileReference; lastKnownFileType = text.plist.xml; path = Info.plist; sourceTree = "<group>"; };
		EF99983A2AFB34E700E0BFFA /* NewsAPIServiceTests.xctest */ = {isa = PBXFileReference; explicitFileType = wrapper.cfbundle; includeInIndex = 0; path = NewsAPIServiceTests.xctest; sourceTree = BUILT_PRODUCTS_DIR; };
		EF99983E2AFB34E700E0BFFA /* NewsAPIServiceTests.swift */ = {isa = PBXFileReference; lastKnownFileType = sourcecode.swift; path = NewsAPIServiceTests.swift; sourceTree = "<group>"; };
		EF9998442AFB34E700E0BFFA /* NewsAPIServiceUITests.xctest */ = {isa = PBXFileReference; explicitFileType = wrapper.cfbundle; includeInIndex = 0; path = NewsAPIServiceUITests.xctest; sourceTree = BUILT_PRODUCTS_DIR; };
		EF9998482AFB34E700E0BFFA /* NewsAPIServiceUITests.swift */ = {isa = PBXFileReference; lastKnownFileType = sourcecode.swift; path = NewsAPIServiceUITests.swift; sourceTree = "<group>"; };
		EF99984A2AFB34E700E0BFFA /* NewsAPIServiceUITestsLaunchTests.swift */ = {isa = PBXFileReference; lastKnownFileType = sourcecode.swift; path = NewsAPIServiceUITestsLaunchTests.swift; sourceTree = "<group>"; };
/* End PBXFileReference section */

/* Begin PBXFrameworksBuildPhase section */
		EF9998212AFB34E500E0BFFA /* Frameworks */ = {
			isa = PBXFrameworksBuildPhase;
			buildActionMask = 2147483647;
			files = (
			);
			runOnlyForDeploymentPostprocessing = 0;
		};
		EF9998372AFB34E700E0BFFA /* Frameworks */ = {
			isa = PBXFrameworksBuildPhase;
			buildActionMask = 2147483647;
			files = (
			);
			runOnlyForDeploymentPostprocessing = 0;
		};
		EF9998412AFB34E700E0BFFA /* Frameworks */ = {
			isa = PBXFrameworksBuildPhase;
			buildActionMask = 2147483647;
			files = (
			);
			runOnlyForDeploymentPostprocessing = 0;
		};
/* End PBXFrameworksBuildPhase section */

/* Begin PBXGroup section */
		EF99981B2AFB34E500E0BFFA = {
			isa = PBXGroup;
			children = (
				EF9998262AFB34E500E0BFFA /* NewsAPIService */,
				EF99983D2AFB34E700E0BFFA /* NewsAPIServiceTests */,
				EF9998472AFB34E700E0BFFA /* NewsAPIServiceUITests */,
				EF9998252AFB34E500E0BFFA /* Products */,
			);
			sourceTree = "<group>";
		};
		EF9998252AFB34E500E0BFFA /* Products */ = {
			isa = PBXGroup;
			children = (
				EF9998242AFB34E500E0BFFA /* NewsAPIService.app */,
				EF99983A2AFB34E700E0BFFA /* NewsAPIServiceTests.xctest */,
				EF9998442AFB34E700E0BFFA /* NewsAPIServiceUITests.xctest */,
			);
			name = Products;
			sourceTree = "<group>";
		};
		EF9998262AFB34E500E0BFFA /* NewsAPIService */ = {
			isa = PBXGroup;
			children = (
				EF9998272AFB34E500E0BFFA /* AppDelegate.swift */,
				EF9998292AFB34E500E0BFFA /* SceneDelegate.swift */,
				EF99982B2AFB34E500E0BFFA /* ViewController.swift */,
				EF99982D2AFB34E500E0BFFA /* Main.storyboard */,
				EF9998302AFB34E700E0BFFA /* Assets.xcassets */,
				EF9998322AFB34E700E0BFFA /* LaunchScreen.storyboard */,
				EF9998352AFB34E700E0BFFA /* Info.plist */,
			);
			path = NewsAPIService;
			sourceTree = "<group>";
		};
		EF99983D2AFB34E700E0BFFA /* NewsAPIServiceTests */ = {
			isa = PBXGroup;
			children = (
				EF99983E2AFB34E700E0BFFA /* NewsAPIServiceTests.swift */,
			);
			path = NewsAPIServiceTests;
			sourceTree = "<group>";
		};
		EF9998472AFB34E700E0BFFA /* NewsAPIServiceUITests */ = {
			isa = PBXGroup;
			children = (
				EF9998482AFB34E700E0BFFA /* NewsAPIServiceUITests.swift */,
				EF99984A2AFB34E700E0BFFA /* NewsAPIServiceUITestsLaunchTests.swift */,
			);
			path = NewsAPIServiceUITests;
			sourceTree = "<group>";
		};
/* End PBXGroup section */

/* Begin PBXNativeTarget section */
		EF9998232AFB34E500E0BFFA /* NewsAPIService */ = {
			isa = PBXNativeTarget;
			buildConfigurationList = EF99984E2AFB34E700E0BFFA /* Build configuration list for PBXNativeTarget "NewsAPIService" */;
			buildPhases = (
				EF9998202AFB34E500E0BFFA /* Sources */,
				EF9998212AFB34E500E0BFFA /* Frameworks */,
				EF9998222AFB34E500E0BFFA /* Resources */,
			);
			buildRules = (
			);
			dependencies = (
			);
			name = NewsAPIService;
			productName = NewsAPIService;
			productReference = EF9998242AFB34E500E0BFFA /* NewsAPIService.app */;
			productType = "com.apple.product-type.application";
		};
		EF9998392AFB34E700E0BFFA /* NewsAPIServiceTests */ = {
			isa = PBXNativeTarget;
			buildConfigurationList = EF9998512AFB34E700E0BFFA /* Build configuration list for PBXNativeTarget "NewsAPIServiceTests" */;
			buildPhases = (
				EF9998362AFB34E700E0BFFA /* Sources */,
				EF9998372AFB34E700E0BFFA /* Frameworks */,
				EF9998382AFB34E700E0BFFA /* Resources */,
			);
			buildRules = (
			);
			dependencies = (
				EF99983C2AFB34E700E0BFFA /* PBXTargetDependency */,
			);
			name = NewsAPIServiceTests;
			productName = NewsAPIServiceTests;
			productReference = EF99983A2AFB34E700E0BFFA /* NewsAPIServiceTests.xctest */;
			productType = "com.apple.product-type.bundle.unit-test";
		};
		EF9998432AFB34E700E0BFFA /* NewsAPIServiceUITests */ = {
			isa = PBXNativeTarget;
			buildConfigurationList = EF9998542AFB34E700E0BFFA /* Build configuration list for PBXNativeTarget "NewsAPIServiceUITests" */;
			buildPhases = (
				EF9998402AFB34E700E0BFFA /* Sources */,
				EF9998412AFB34E700E0BFFA /* Frameworks */,
				EF9998422AFB34E700E0BFFA /* Resources */,
			);
			buildRules = (
			);
			dependencies = (
				EF9998462AFB34E700E0BFFA /* PBXTargetDependency */,
			);
			name = NewsAPIServiceUITests;
			productName = NewsAPIServiceUITests;
			productReference = EF9998442AFB34E700E0BFFA /* NewsAPIServiceUITests.xctest */;
			productType = "com.apple.product-type.bundle.ui-testing";
		};
/* End PBXNativeTarget section */

/* Begin PBXProject section */
		EF99981C2AFB34E500E0BFFA /* Project object */ = {
			isa = PBXProject;
			attributes = {
				BuildIndependentTargetsInParallel = 1;
				LastSwiftUpdateCheck = 1430;
				LastUpgradeCheck = 1430;
				TargetAttributes = {
					EF9998232AFB34E500E0BFFA = {
						CreatedOnToolsVersion = 14.3.1;
					};
					EF9998392AFB34E700E0BFFA = {
						CreatedOnToolsVersion = 14.3.1;
						TestTargetID = EF9998232AFB34E500E0BFFA;
					};
					EF9998432AFB34E700E0BFFA = {
						CreatedOnToolsVersion = 14.3.1;
						TestTargetID = EF9998232AFB34E500E0BFFA;
					};
				};
			};
			buildConfigurationList = EF99981F2AFB34E500E0BFFA /* Build configuration list for PBXProject "NewsAPIService" */;
			compatibilityVersion = "Xcode 14.0";
			developmentRegion = en;
			hasScannedForEncodings = 0;
			knownRegions = (
				en,
				Base,
			);
			mainGroup = EF99981B2AFB34E500E0BFFA;
			productRefGroup = EF9998252AFB34E500E0BFFA /* Products */;
			projectDirPath = "";
			projectRoot = "";
			targets = (
				EF9998232AFB34E500E0BFFA /* NewsAPIService */,
				EF9998392AFB34E700E0BFFA /* NewsAPIServiceTests */,
				EF9998432AFB34E700E0BFFA /* NewsAPIServiceUITests */,
			);
		};
/* End PBXProject section */

/* Begin PBXResourcesBuildPhase section */
		EF9998222AFB34E500E0BFFA /* Resources */ = {
			isa = PBXResourcesBuildPhase;
			buildActionMask = 2147483647;
			files = (
				EF9998342AFB34E700E0BFFA /* LaunchScreen.storyboard in Resources */,
				EF9998312AFB34E700E0BFFA /* Assets.xcassets in Resources */,
				EF99982F2AFB34E500E0BFFA /* Main.storyboard in Resources */,
			);
			runOnlyForDeploymentPostprocessing = 0;
		};
		EF9998382AFB34E700E0BFFA /* Resources */ = {
			isa = PBXResourcesBuildPhase;
			buildActionMask = 2147483647;
			files = (
			);
			runOnlyForDeploymentPostprocessing = 0;
		};
		EF9998422AFB34E700E0BFFA /* Resources */ = {
			isa = PBXResourcesBuildPhase;
			buildActionMask = 2147483647;
			files = (
			);
			runOnlyForDeploymentPostprocessing = 0;
		};
/* End PBXResourcesBuildPhase section */

/* Begin PBXSourcesBuildPhase section */
		EF9998202AFB34E500E0BFFA /* Sources */ = {
			isa = PBXSourcesBuildPhase;
			buildActionMask = 2147483647;
			files = (
				EF99982C2AFB34E500E0BFFA /* ViewController.swift in Sources */,
				EF9998282AFB34E500E0BFFA /* AppDelegate.swift in Sources */,
				EF99982A2AFB34E500E0BFFA /* SceneDelegate.swift in Sources */,
			);
			runOnlyForDeploymentPostprocessing = 0;
		};
		EF9998362AFB34E700E0BFFA /* Sources */ = {
			isa = PBXSourcesBuildPhase;
			buildActionMask = 2147483647;
			files = (
				EF99983F2AFB34E700E0BFFA /* NewsAPIServiceTests.swift in Sources */,
			);
			runOnlyForDeploymentPostprocessing = 0;
		};
		EF9998402AFB34E700E0BFFA /* Sources */ = {
			isa = PBXSourcesBuildPhase;
			buildActionMask = 2147483647;
			files = (
				EF99984B2AFB34E700E0BFFA /* NewsAPIServiceUITestsLaunchTests.swift in Sources */,
				EF9998492AFB34E700E0BFFA /* NewsAPIServiceUITests.swift in Sources */,
			);
			runOnlyForDeploymentPostprocessing = 0;
		};
/* End PBXSourcesBuildPhase section */

/* Begin PBXTargetDependency section */
		EF99983C2AFB34E700E0BFFA /* PBXTargetDependency */ = {
			isa = PBXTargetDependency;
			target = EF9998232AFB34E500E0BFFA /* NewsAPIService */;
			targetProxy = EF99983B2AFB34E700E0BFFA /* PBXContainerItemProxy */;
		};
		EF9998462AFB34E700E0BFFA /* PBXTargetDependency */ = {
			isa = PBXTargetDependency;
			target = EF9998232AFB34E500E0BFFA /* NewsAPIService */;
			targetProxy = EF9998452AFB34E700E0BFFA /* PBXContainerItemProxy */;
		};
/* End PBXTargetDependency section */

/* Begin PBXVariantGroup section */
		EF99982D2AFB34E500E0BFFA /* Main.storyboard */ = {
			isa = PBXVariantGroup;
			children = (
				EF99982E2AFB34E500E0BFFA /* Base */,
			);
			name = Main.storyboard;
			sourceTree = "<group>";
		};
		EF9998322AFB34E700E0BFFA /* LaunchScreen.storyboard */ = {
			isa = PBXVariantGroup;
			children = (
				EF9998332AFB34E700E0BFFA /* Base */,
			);
			name = LaunchScreen.storyboard;
			sourceTree = "<group>";
		};
/* End PBXVariantGroup section */

/* Begin XCBuildConfiguration section */
		EF99984C2AFB34E700E0BFFA /* Debug */ = {
			isa = XCBuildConfiguration;
			buildSettings = {
				ALWAYS_SEARCH_USER_PATHS = NO;
				CLANG_ANALYZER_NONNULL = YES;
				CLANG_ANALYZER_NUMBER_OBJECT_CONVERSION = YES_AGGRESSIVE;
				CLANG_CXX_LANGUAGE_STANDARD = "gnu++20";
				CLANG_ENABLE_MODULES = YES;
				CLANG_ENABLE_OBJC_ARC = YES;
				CLANG_ENABLE_OBJC_WEAK = YES;
				CLANG_WARN_BLOCK_CAPTURE_AUTORELEASING = YES;
				CLANG_WARN_BOOL_CONVERSION = YES;
				CLANG_WARN_COMMA = YES;
				CLANG_WARN_CONSTANT_CONVERSION = YES;
				CLANG_WARN_DEPRECATED_OBJC_IMPLEMENTATIONS = YES;
				CLANG_WARN_DIRECT_OBJC_ISA_USAGE = YES_ERROR;
				CLANG_WARN_DOCUMENTATION_COMMENTS = YES;
				CLANG_WARN_EMPTY_BODY = YES;
				CLANG_WARN_ENUM_CONVERSION = YES;
				CLANG_WARN_INFINITE_RECURSION = YES;
				CLANG_WARN_INT_CONVERSION = YES;
				CLANG_WARN_NON_LITERAL_NULL_CONVERSION = YES;
				CLANG_WARN_OBJC_IMPLICIT_RETAIN_SELF = YES;
				CLANG_WARN_OBJC_LITERAL_CONVERSION = YES;
				CLANG_WARN_OBJC_ROOT_CLASS = YES_ERROR;
				CLANG_WARN_QUOTED_INCLUDE_IN_FRAMEWORK_HEADER = YES;
				CLANG_WARN_RANGE_LOOP_ANALYSIS = YES;
				CLANG_WARN_STRICT_PROTOTYPES = YES;
				CLANG_WARN_SUSPICIOUS_MOVE = YES;
				CLANG_WARN_UNGUARDED_AVAILABILITY = YES_AGGRESSIVE;
				CLANG_WARN_UNREACHABLE_CODE = YES;
				CLANG_WARN__DUPLICATE_METHOD_MATCH = YES;
				COPY_PHASE_STRIP = NO;
				DEBUG_INFORMATION_FORMAT = dwarf;
				ENABLE_STRICT_OBJC_MSGSEND = YES;
				ENABLE_TESTABILITY = YES;
				GCC_C_LANGUAGE_STANDARD = gnu11;
				GCC_DYNAMIC_NO_PIC = NO;
				GCC_NO_COMMON_BLOCKS = YES;
				GCC_OPTIMIZATION_LEVEL = 0;
				GCC_PREPROCESSOR_DEFINITIONS = (
					"DEBUG=1",
					"$(inherited)",
				);
				GCC_WARN_64_TO_32_BIT_CONVERSION = YES;
				GCC_WARN_ABOUT_RETURN_TYPE = YES_ERROR;
				GCC_WARN_UNDECLARED_SELECTOR = YES;
				GCC_WARN_UNINITIALIZED_AUTOS = YES_AGGRESSIVE;
				GCC_WARN_UNUSED_FUNCTION = YES;
				GCC_WARN_UNUSED_VARIABLE = YES;
				IPHONEOS_DEPLOYMENT_TARGET = 16.4;
				MTL_ENABLE_DEBUG_INFO = INCLUDE_SOURCE;
				MTL_FAST_MATH = YES;
				ONLY_ACTIVE_ARCH = YES;
				SDKROOT = iphoneos;
				SWIFT_ACTIVE_COMPILATION_CONDITIONS = DEBUG;
				SWIFT_OPTIMIZATION_LEVEL = "-Onone";
			};
			name = Debug;
		};
		EF99984D2AFB34E700E0BFFA /* Release */ = {
			isa = XCBuildConfiguration;
			buildSettings = {
				ALWAYS_SEARCH_USER_PATHS = NO;
				CLANG_ANALYZER_NONNULL = YES;
				CLANG_ANALYZER_NUMBER_OBJECT_CONVERSION = YES_AGGRESSIVE;
				CLANG_CXX_LANGUAGE_STANDARD = "gnu++20";
				CLANG_ENABLE_MODULES = YES;
				CLANG_ENABLE_OBJC_ARC = YES;
				CLANG_ENABLE_OBJC_WEAK = YES;
				CLANG_WARN_BLOCK_CAPTURE_AUTORELEASING = YES;
				CLANG_WARN_BOOL_CONVERSION = YES;
				CLANG_WARN_COMMA = YES;
				CLANG_WARN_CONSTANT_CONVERSION = YES;
				CLANG_WARN_DEPRECATED_OBJC_IMPLEMENTATIONS = YES;
				CLANG_WARN_DIRECT_OBJC_ISA_USAGE = YES_ERROR;
				CLANG_WARN_DOCUMENTATION_COMMENTS = YES;
				CLANG_WARN_EMPTY_BODY = YES;
				CLANG_WARN_ENUM_CONVERSION = YES;
				CLANG_WARN_INFINITE_RECURSION = YES;
				CLANG_WARN_INT_CONVERSION = YES;
				CLANG_WARN_NON_LITERAL_NULL_CONVERSION = YES;
				CLANG_WARN_OBJC_IMPLICIT_RETAIN_SELF = YES;
				CLANG_WARN_OBJC_LITERAL_CONVERSION = YES;
				CLANG_WARN_OBJC_ROOT_CLASS = YES_ERROR;
				CLANG_WARN_QUOTED_INCLUDE_IN_FRAMEWORK_HEADER = YES;
				CLANG_WARN_RANGE_LOOP_ANALYSIS = YES;
				CLANG_WARN_STRICT_PROTOTYPES = YES;
				CLANG_WARN_SUSPICIOUS_MOVE = YES;
				CLANG_WARN_UNGUARDED_AVAILABILITY = YES_AGGRESSIVE;
				CLANG_WARN_UNREACHABLE_CODE = YES;
				CLANG_WARN__DUPLICATE_METHOD_MATCH = YES;
				COPY_PHASE_STRIP = NO;
				DEBUG_INFORMATION_FORMAT = "dwarf-with-dsym";
				ENABLE_NS_ASSERTIONS = NO;
				ENABLE_STRICT_OBJC_MSGSEND = YES;
				GCC_C_LANGUAGE_STANDARD = gnu11;
				GCC_NO_COMMON_BLOCKS = YES;
				GCC_WARN_64_TO_32_BIT_CONVERSION = YES;
				GCC_WARN_ABOUT_RETURN_TYPE = YES_ERROR;
				GCC_WARN_UNDECLARED_SELECTOR = YES;
				GCC_WARN_UNINITIALIZED_AUTOS = YES_AGGRESSIVE;
				GCC_WARN_UNUSED_FUNCTION = YES;
				GCC_WARN_UNUSED_VARIABLE = YES;
				IPHONEOS_DEPLOYMENT_TARGET = 16.4;
				MTL_ENABLE_DEBUG_INFO = NO;
				MTL_FAST_MATH = YES;
				SDKROOT = iphoneos;
				SWIFT_COMPILATION_MODE = wholemodule;
				SWIFT_OPTIMIZATION_LEVEL = "-O";
				VALIDATE_PRODUCT = YES;
			};
			name = Release;
		};
		EF99984F2AFB34E700E0BFFA /* Debug */ = {
			isa = XCBuildConfiguration;
			buildSettings = {
				ASSETCATALOG_COMPILER_APPICON_NAME = AppIcon;
				ASSETCATALOG_COMPILER_GLOBAL_ACCENT_COLOR_NAME = AccentColor;
				CODE_SIGN_STYLE = Automatic;
				CURRENT_PROJECT_VERSION = 1;
				DEVELOPMENT_TEAM = 4Q46QGJ25N;
				GENERATE_INFOPLIST_FILE = YES;
				INFOPLIST_FILE = NewsAPIService/Info.plist;
				INFOPLIST_KEY_UIApplicationSupportsIndirectInputEvents = YES;
				INFOPLIST_KEY_UILaunchStoryboardName = LaunchScreen;
				INFOPLIST_KEY_UIMainStoryboardFile = Main;
				INFOPLIST_KEY_UISupportedInterfaceOrientations_iPad = "UIInterfaceOrientationPortrait UIInterfaceOrientationPortraitUpsideDown UIInterfaceOrientationLandscapeLeft UIInterfaceOrientationLandscapeRight";
				INFOPLIST_KEY_UISupportedInterfaceOrientations_iPhone = "UIInterfaceOrientationPortrait UIInterfaceOrientationLandscapeLeft UIInterfaceOrientationLandscapeRight";
				LD_RUNPATH_SEARCH_PATHS = (
					"$(inherited)",
					"@executable_path/Frameworks",
				);
				MARKETING_VERSION = 1.0;
				PRODUCT_BUNDLE_IDENTIFIER = com.lamcompany.NewsAPIService;
				PRODUCT_NAME = "$(TARGET_NAME)";
				SWIFT_EMIT_LOC_STRINGS = YES;
				SWIFT_VERSION = 5.0;
				TARGETED_DEVICE_FAMILY = "1,2";
			};
			name = Debug;
		};
		EF9998502AFB34E700E0BFFA /* Release */ = {
			isa = XCBuildConfiguration;
			buildSettings = {
				ASSETCATALOG_COMPILER_APPICON_NAME = AppIcon;
				ASSETCATALOG_COMPILER_GLOBAL_ACCENT_COLOR_NAME = AccentColor;
				CODE_SIGN_STYLE = Automatic;
				CURRENT_PROJECT_VERSION = 1;
				DEVELOPMENT_TEAM = 4Q46QGJ25N;
				GENERATE_INFOPLIST_FILE = YES;
				INFOPLIST_FILE = NewsAPIService/Info.plist;
				INFOPLIST_KEY_UIApplicationSupportsIndirectInputEvents = YES;
				INFOPLIST_KEY_UILaunchStoryboardName = LaunchScreen;
				INFOPLIST_KEY_UIMainStoryboardFile = Main;
				INFOPLIST_KEY_UISupportedInterfaceOrientations_iPad = "UIInterfaceOrientationPortrait UIInterfaceOrientationPortraitUpsideDown UIInterfaceOrientationLandscapeLeft UIInterfaceOrientationLandscapeRight";
				INFOPLIST_KEY_UISupportedInterfaceOrientations_iPhone = "UIInterfaceOrientationPortrait UIInterfaceOrientationLandscapeLeft UIInterfaceOrientationLandscapeRight";
				LD_RUNPATH_SEARCH_PATHS = (
					"$(inherited)",
					"@executable_path/Frameworks",
				);
				MARKETING_VERSION = 1.0;
				PRODUCT_BUNDLE_IDENTIFIER = com.lamcompany.NewsAPIService;
				PRODUCT_NAME = "$(TARGET_NAME)";
				SWIFT_EMIT_LOC_STRINGS = YES;
				SWIFT_VERSION = 5.0;
				TARGETED_DEVICE_FAMILY = "1,2";
			};
			name = Release;
		};
		EF9998522AFB34E700E0BFFA /* Debug */ = {
			isa = XCBuildConfiguration;
			buildSettings = {
				ALWAYS_EMBED_SWIFT_STANDARD_LIBRARIES = YES;
				BUNDLE_LOADER = "$(TEST_HOST)";
				CODE_SIGN_STYLE = Automatic;
				CURRENT_PROJECT_VERSION = 1;
				DEVELOPMENT_TEAM = 4Q46QGJ25N;
				GENERATE_INFOPLIST_FILE = YES;
				IPHONEOS_DEPLOYMENT_TARGET = 16.4;
				MARKETING_VERSION = 1.0;
				PRODUCT_BUNDLE_IDENTIFIER = com.lamcompany.NewsAPIServiceTests;
				PRODUCT_NAME = "$(TARGET_NAME)";
				SWIFT_EMIT_LOC_STRINGS = NO;
				SWIFT_VERSION = 5.0;
				TARGETED_DEVICE_FAMILY = "1,2";
				TEST_HOST = "$(BUILT_PRODUCTS_DIR)/NewsAPIService.app/$(BUNDLE_EXECUTABLE_FOLDER_PATH)/NewsAPIService";
			};
			name = Debug;
		};
		EF9998532AFB34E700E0BFFA /* Release */ = {
			isa = XCBuildConfiguration;
			buildSettings = {
				ALWAYS_EMBED_SWIFT_STANDARD_LIBRARIES = YES;
				BUNDLE_LOADER = "$(TEST_HOST)";
				CODE_SIGN_STYLE = Automatic;
				CURRENT_PROJECT_VERSION = 1;
				DEVELOPMENT_TEAM = 4Q46QGJ25N;
				GENERATE_INFOPLIST_FILE = YES;
				IPHONEOS_DEPLOYMENT_TARGET = 16.4;
				MARKETING_VERSION = 1.0;
				PRODUCT_BUNDLE_IDENTIFIER = com.lamcompany.NewsAPIServiceTests;
				PRODUCT_NAME = "$(TARGET_NAME)";
				SWIFT_EMIT_LOC_STRINGS = NO;
				SWIFT_VERSION = 5.0;
				TARGETED_DEVICE_FAMILY = "1,2";
				TEST_HOST = "$(BUILT_PRODUCTS_DIR)/NewsAPIService.app/$(BUNDLE_EXECUTABLE_FOLDER_PATH)/NewsAPIService";
			};
			name = Release;
		};
		EF9998552AFB34E700E0BFFA /* Debug */ = {
			isa = XCBuildConfiguration;
			buildSettings = {
				ALWAYS_EMBED_SWIFT_STANDARD_LIBRARIES = YES;
				CODE_SIGN_STYLE = Automatic;
				CURRENT_PROJECT_VERSION = 1;
				DEVELOPMENT_TEAM = 4Q46QGJ25N;
				GENERATE_INFOPLIST_FILE = YES;
				MARKETING_VERSION = 1.0;
				PRODUCT_BUNDLE_IDENTIFIER = com.lamcompany.NewsAPIServiceUITests;
				PRODUCT_NAME = "$(TARGET_NAME)";
				SWIFT_EMIT_LOC_STRINGS = NO;
				SWIFT_VERSION = 5.0;
				TARGETED_DEVICE_FAMILY = "1,2";
				TEST_TARGET_NAME = NewsAPIService;
			};
			name = Debug;
		};
		EF9998562AFB34E700E0BFFA /* Release */ = {
			isa = XCBuildConfiguration;
			buildSettings = {
				ALWAYS_EMBED_SWIFT_STANDARD_LIBRARIES = YES;
				CODE_SIGN_STYLE = Automatic;
				CURRENT_PROJECT_VERSION = 1;
				DEVELOPMENT_TEAM = 4Q46QGJ25N;
				GENERATE_INFOPLIST_FILE = YES;
				MARKETING_VERSION = 1.0;
				PRODUCT_BUNDLE_IDENTIFIER = com.lamcompany.NewsAPIServiceUITests;
				PRODUCT_NAME = "$(TARGET_NAME)";
				SWIFT_EMIT_LOC_STRINGS = NO;
				SWIFT_VERSION = 5.0;
				TARGETED_DEVICE_FAMILY = "1,2";
				TEST_TARGET_NAME = NewsAPIService;
			};
			name = Release;
		};
/* End XCBuildConfiguration section */

/* Begin XCConfigurationList section */
		EF99981F2AFB34E500E0BFFA /* Build configuration list for PBXProject "NewsAPIService" */ = {
			isa = XCConfigurationList;
			buildConfigurations = (
				EF99984C2AFB34E700E0BFFA /* Debug */,
				EF99984D2AFB34E700E0BFFA /* Release */,
			);
			defaultConfigurationIsVisible = 0;
			defaultConfigurationName = Release;
		};
		EF99984E2AFB34E700E0BFFA /* Build configuration list for PBXNativeTarget "NewsAPIService" */ = {
			isa = XCConfigurationList;
			buildConfigurations = (
				EF99984F2AFB34E700E0BFFA /* Debug */,
				EF9998502AFB34E700E0BFFA /* Release */,
			);
			defaultConfigurationIsVisible = 0;
			defaultConfigurationName = Release;
		};
		EF9998512AFB34E700E0BFFA /* Build configuration list for PBXNativeTarget "NewsAPIServiceTests" */ = {
			isa = XCConfigurationList;
			buildConfigurations = (
				EF9998522AFB34E700E0BFFA /* Debug */,
				EF9998532AFB34E700E0BFFA /* Release */,
			);
			defaultConfigurationIsVisible = 0;
			defaultConfigurationName = Release;
		};
		EF9998542AFB34E700E0BFFA /* Build configuration list for PBXNativeTarget "NewsAPIServiceUITests" */ = {
			isa = XCConfigurationList;
			buildConfigurations = (
				EF9998552AFB34E700E0BFFA /* Debug */,
				EF9998562AFB34E700E0BFFA /* Release */,
			);
			defaultConfigurationIsVisible = 0;
			defaultConfigurationName = Release;
		};
/* End XCConfigurationList section */
	};
	rootObject = EF99981C2AFB34E500E0BFFA /* Project object */;
}
